
Microsoft Visual Studio Solution File, Format Version 12.00
# Visual Studio Version 17
VisualStudioVersion = 17.13.35919.96 d17.13
MinimumVisualStudioVersion = 10.0.40219.1
Project("{FAE04EC0-301F-11D3-BF4B-00C04F79EFBC}") = "Bai2", "Bai2\Bai2.csproj", "{F83C59D9-5CE3-4964-B96E-D9275EB9DAE6}"
EndProject
Global
	GlobalSection(SolutionConfigurationPlatforms) = preSolution
		Debug|Any CPU = Debug|Any CPU
		Release|Any CPU = Release|Any CPU
	EndGlobalSection
	GlobalSection(ProjectConfigurationPlatforms) = postSolution
		{F83C59D9-5CE3-4964-B96E-D9275EB9DAE6}.Debug|Any CPU.ActiveCfg = Debug|Any CPU
		{F83C59D9-5CE3-4964-B96E-D9275EB9DAE6}.Debug|Any CPU.Build.0 = Debug|Any CPU
		{F83C59D9-5CE3-4964-B96E-D9275EB9DAE6}.Release|Any CPU.ActiveCfg = Release|Any CPU
		{F83C59D9-5CE3-4964-B96E-D9275EB9DAE6}.Release|Any CPU.Build.0 = Release|Any CPU
	EndGlobalSection
	GlobalSection(SolutionProperties) = preSolution
		HideSolutionNode = FALSE
	EndGlobalSection
	GlobalSection(ExtensibilityGlobals) = postSolution
		SolutionGuid = {BB869510-9200-4906-8247-73149BBBD3F1}
	EndGlobalSection
EndGlobal
