
Microsoft Visual Studio Solution File, Format Version 12.00
# Visual Studio Version 17
VisualStudioVersion = 17.13.35919.96 d17.13
MinimumVisualStudioVersion = 10.0.40219.1
Project("{FAE04EC0-301F-11D3-BF4B-00C04F79EFBC}") = "bai1", "bai1\bai1.csproj", "{2CECA72C-EA7C-432A-B77F-6DE2DBFEC531}"
EndProject
Global
	GlobalSection(SolutionConfigurationPlatforms) = preSolution
		Debug|Any CPU = Debug|Any CPU
		Release|Any CPU = Release|Any CPU
	EndGlobalSection
	GlobalSection(ProjectConfigurationPlatforms) = postSolution
		{2CECA72C-EA7C-432A-B77F-6DE2DBFEC531}.Debug|Any CPU.ActiveCfg = Debug|Any CPU
		{2CECA72C-EA7C-432A-B77F-6DE2DBFEC531}.Debug|Any CPU.Build.0 = Debug|Any CPU
		{2CECA72C-EA7C-432A-B77F-6DE2DBFEC531}.Release|Any CPU.ActiveCfg = Release|Any CPU
		{2CECA72C-EA7C-432A-B77F-6DE2DBFEC531}.Release|Any CPU.Build.0 = Release|Any CPU
	EndGlobalSection
	GlobalSection(SolutionProperties) = preSolution
		HideSolutionNode = FALSE
	EndGlobalSection
	GlobalSection(ExtensibilityGlobals) = postSolution
		SolutionGuid = {EDC7644D-4F69-452D-A309-81D3021661F8}
	EndGlobalSection
EndGlobal
