
Microsoft Visual Studio Solution File, Format Version 12.00
# Visual Studio Version 17
VisualStudioVersion = 17.13.35919.96 d17.13
MinimumVisualStudioVersion = 10.0.40219.1
Project("{FAE04EC0-301F-11D3-BF4B-00C04F79EFBC}") = "bai1", "bai1\bai1.csproj", "{3B1A687F-8A92-4169-99C0-9161AB7EE174}"
EndProject
Global
	GlobalSection(SolutionConfigurationPlatforms) = preSolution
		Debug|Any CPU = Debug|Any CPU
		Release|Any CPU = Release|Any CPU
	EndGlobalSection
	GlobalSection(ProjectConfigurationPlatforms) = postSolution
		{3B1A687F-8A92-4169-99C0-9161AB7EE174}.Debug|Any CPU.ActiveCfg = Debug|Any CPU
		{3B1A687F-8A92-4169-99C0-9161AB7EE174}.Debug|Any CPU.Build.0 = Debug|Any CPU
		{3B1A687F-8A92-4169-99C0-9161AB7EE174}.Release|Any CPU.ActiveCfg = Release|Any CPU
		{3B1A687F-8A92-4169-99C0-9161AB7EE174}.Release|Any CPU.Build.0 = Release|Any CPU
	EndGlobalSection
	GlobalSection(SolutionProperties) = preSolution
		HideSolutionNode = FALSE
	EndGlobalSection
	GlobalSection(ExtensibilityGlobals) = postSolution
		SolutionGuid = {826F790A-9F9D-4977-9C8E-4FC476589F4D}
	EndGlobalSection
EndGlobal
