
Microsoft Visual Studio Solution File, Format Version 12.00
# Visual Studio Version 17
VisualStudioVersion = 17.13.35919.96 d17.13
MinimumVisualStudioVersion = 10.0.40219.1
Project("{FAE04EC0-301F-11D3-BF4B-00C04F79EFBC}") = "BaiTapLap1.1", "BaiTapLap1.1\BaiTapLap1.1.csproj", "{B5498C82-D014-4BE1-97BF-7E8C8E22B57B}"
EndProject
Global
	GlobalSection(SolutionConfigurationPlatforms) = preSolution
		Debug|Any CPU = Debug|Any CPU
		Release|Any CPU = Release|Any CPU
	EndGlobalSection
	GlobalSection(ProjectConfigurationPlatforms) = postSolution
		{B5498C82-D014-4BE1-97BF-7E8C8E22B57B}.Debug|Any CPU.ActiveCfg = Debug|Any CPU
		{B5498C82-D014-4BE1-97BF-7E8C8E22B57B}.Debug|Any CPU.Build.0 = Debug|Any CPU
		{B5498C82-D014-4BE1-97BF-7E8C8E22B57B}.Release|Any CPU.ActiveCfg = Release|Any CPU
		{B5498C82-D014-4BE1-97BF-7E8C8E22B57B}.Release|Any CPU.Build.0 = Release|Any CPU
	EndGlobalSection
	GlobalSection(SolutionProperties) = preSolution
		HideSolutionNode = FALSE
	EndGlobalSection
	GlobalSection(ExtensibilityGlobals) = postSolution
		SolutionGuid = {ABAF4E52-54AB-41B9-B2D9-CAC4B2A44420}
	EndGlobalSection
EndGlobal
